
Microsoft Visual Studio Solution File, Format Version 12.00
# Visual Studio Version 17
VisualStudioVersion = 17.8.34330.188
MinimumVisualStudioVersion = 10.0.40219.1
Project("{9A19103F-16F7-4668-BE54-9A1E7A4F7556}") = "ProfilerStudy", "ProfilerStudy\ProfilerStudy.csproj", "{FAA31A2B-B1E6-40FA-9C6B-DAD7EC0A671E}"
EndProject
Project("{9A19103F-16F7-4668-BE54-9A1E7A4F7556}") = "ProfilerStudyCore", "ProfilerStudyCore\ProfilerStudyCore.csproj", "{AF5CB95D-FDAA-41A8-A0D0-12B992E93B41}"
EndProject
Project("{9A19103F-16F7-4668-BE54-9A1E7A4F7556}") = "CanvasDataGrid", "CanvasDataGrid\CanvasDataGrid.csproj", "{E1FE43F7-157F-48DC-B444-09F9E0BAAE3C}"
EndProject
Project("{9A19103F-16F7-4668-BE54-9A1E7A4F7556}") = "Docker", "docker\Docker.csproj", "{580E9CA3-43EC-4068-901A-6870DEAEAA22}"
EndProject
Project("{9A19103F-16F7-4668-BE54-9A1E7A4F7556}") = "CoreUtils", "CoreUtils\CoreUtils.csproj", "{BB6ED4C8-8221-4CD4-9DA5-0294AEACAB1E}"
EndProject
Project("{9A19103F-16F7-4668-BE54-9A1E7A4F7556}") = "ProfilerCanvas", "ProfilerCanvas\ProfilerCanvas.csproj", "{0352EADB-58AA-4818-BC08-BD5693B723E1}"
EndProject
Global
	GlobalSection(SolutionConfigurationPlatforms) = preSolution
		Debug|Any CPU = Debug|Any CPU
		Release|Any CPU = Release|Any CPU
	EndGlobalSection
	GlobalSection(ProjectConfigurationPlatforms) = postSolution
		{FAA31A2B-B1E6-40FA-9C6B-DAD7EC0A671E}.Debug|Any CPU.ActiveCfg = Debug|Any CPU
		{FAA31A2B-B1E6-40FA-9C6B-DAD7EC0A671E}.Debug|Any CPU.Build.0 = Debug|Any CPU
		{FAA31A2B-B1E6-40FA-9C6B-DAD7EC0A671E}.Release|Any CPU.ActiveCfg = Release|Any CPU
		{FAA31A2B-B1E6-40FA-9C6B-DAD7EC0A671E}.Release|Any CPU.Build.0 = Release|Any CPU
		{AF5CB95D-FDAA-41A8-A0D0-12B992E93B41}.Debug|Any CPU.ActiveCfg = Debug|Any CPU
		{AF5CB95D-FDAA-41A8-A0D0-12B992E93B41}.Debug|Any CPU.Build.0 = Debug|Any CPU
		{AF5CB95D-FDAA-41A8-A0D0-12B992E93B41}.Release|Any CPU.ActiveCfg = Release|Any CPU
		{AF5CB95D-FDAA-41A8-A0D0-12B992E93B41}.Release|Any CPU.Build.0 = Release|Any CPU
		{E1FE43F7-157F-48DC-B444-09F9E0BAAE3C}.Debug|Any CPU.ActiveCfg = Debug|Any CPU
		{E1FE43F7-157F-48DC-B444-09F9E0BAAE3C}.Debug|Any CPU.Build.0 = Debug|Any CPU
		{E1FE43F7-157F-48DC-B444-09F9E0BAAE3C}.Release|Any CPU.ActiveCfg = Release|Any CPU
		{E1FE43F7-157F-48DC-B444-09F9E0BAAE3C}.Release|Any CPU.Build.0 = Release|Any CPU
		{580E9CA3-43EC-4068-901A-6870DEAEAA22}.Debug|Any CPU.ActiveCfg = Debug|Any CPU
		{580E9CA3-43EC-4068-901A-6870DEAEAA22}.Debug|Any CPU.Build.0 = Debug|Any CPU
		{580E9CA3-43EC-4068-901A-6870DEAEAA22}.Release|Any CPU.ActiveCfg = Release|Any CPU
		{580E9CA3-43EC-4068-901A-6870DEAEAA22}.Release|Any CPU.Build.0 = Release|Any CPU
		{BB6ED4C8-8221-4CD4-9DA5-0294AEACAB1E}.Debug|Any CPU.ActiveCfg = Debug|Any CPU
		{BB6ED4C8-8221-4CD4-9DA5-0294AEACAB1E}.Debug|Any CPU.Build.0 = Debug|Any CPU
		{BB6ED4C8-8221-4CD4-9DA5-0294AEACAB1E}.Release|Any CPU.ActiveCfg = Release|Any CPU
		{BB6ED4C8-8221-4CD4-9DA5-0294AEACAB1E}.Release|Any CPU.Build.0 = Release|Any CPU
		{0352EADB-58AA-4818-BC08-BD5693B723E1}.Debug|Any CPU.ActiveCfg = Debug|Any CPU
		{0352EADB-58AA-4818-BC08-BD5693B723E1}.Debug|Any CPU.Build.0 = Debug|Any CPU
		{0352EADB-58AA-4818-BC08-BD5693B723E1}.Release|Any CPU.ActiveCfg = Release|Any CPU
		{0352EADB-58AA-4818-BC08-BD5693B723E1}.Release|Any CPU.Build.0 = Release|Any CPU
	EndGlobalSection
	GlobalSection(SolutionProperties) = preSolution
		HideSolutionNode = FALSE
	EndGlobalSection
	GlobalSection(ExtensibilityGlobals) = postSolution
		SolutionGuid = {C0AAEA70-3900-4B8B-A4AC-8160D8A72DC4}
	EndGlobalSection
EndGlobal
